{
  "originHash" : "65f65a345d1475809eb5af8e4db28cb9bc87564b1a60461715c86b10861826bb",
  "pins" : [
    {
      "identity" : "swift-log",
      "kind" : "remoteSourceControl",
      "location" : "https://github.com/apple/swift-log.git",
      "state" : {
        "revision" : "bc386b95f2a16ccd0150a8235e7c69eab2b866ca",
        "version" : "1.8.0"
      }
    },
    {
      "identity" : "syndikit",
      "kind" : "remoteSourceControl",
      "location" : "https://github.com/brightdigit/SyndiKit.git",
      "state" : {
        "revision" : "741d082708642a922241bfd75bf06f5264e8d8b9",
        "version" : "0.7.0"
      }
    },
    {
      "identity" : "xmlcoder",
      "kind" : "remoteSourceControl",
      "location" : "https://github.com/brightdigit/XMLCoder",
      "state" : {
        "revision" : "8ba70f27664ea8c8b7f38fb4c6f2fd4c129eb9c5",
        "version" : "1.0.0-alpha.1"
      }
    }
  ],
  "version" : 3
}
