{
  "originHash" : "6db2be45be4bec90951bf1b82dc1b1932aa9dd1fb1bf3121caa11918031d566a",
  "pins" : [
    {
      "identity" : "syndikit",
      "kind" : "remoteSourceControl",
      "location" : "https://github.com/brightdigit/SyndiKit.git",
      "state" : {
        "revision" : "1b7991213a1562bb6d93ffedf58533c06fe626f5",
        "version" : "0.6.1"
      }
    },
    {
      "identity" : "xmlcoder",
      "kind" : "remoteSourceControl",
      "location" : "https://github.com/brightdigit/XMLCoder",
      "state" : {
        "revision" : "8ba70f27664ea8c8b7f38fb4c6f2fd4c129eb9c5",
        "version" : "1.0.0-alpha.1"
      }
    }
  ],
  "version" : 3
}
